
Microsoft Visual Studio Solution File, Format Version 12.00
# Visual Studio Version 17
VisualStudioVersion = 17.0.31903.59
MinimumVisualStudioVersion = 10.0.40219.1
Project("{FAE04EC0-301F-11D3-BF4B-00C04F79EFBC}") = "Notes.Android", "Notes\Notes.Android\Notes.Android.csproj", "{B086F28B-D77E-4348-90E0-823A7AB461DB}"
EndProject
Project("{FAE04EC0-301F-11D3-BF4B-00C04F79EFBC}") = "Notes.iOS", "Notes\Notes.iOS\Notes.iOS.csproj", "{83B9EA6D-748F-424E-AF69-D9220901C360}"
EndProject
Project("{FAE04EC0-301F-11D3-BF4B-00C04F79EFBC}") = "Notes", "Notes\Notes\Notes.csproj", "{68B19D8D-017C-477B-856B-3923CBA28769}"
EndProject
Global
	GlobalSection(SolutionConfigurationPlatforms) = preSolution
		Debug|Any CPU = Debug|Any CPU
		Debug|iPhone = Debug|iPhone
		Debug|iPhoneSimulator = Debug|iPhoneSimulator
		Release|Any CPU = Release|Any CPU
		Release|iPhone = Release|iPhone
		Release|iPhoneSimulator = Release|iPhoneSimulator
	EndGlobalSection
	GlobalSection(ProjectConfigurationPlatforms) = postSolution
		{B086F28B-D77E-4348-90E0-823A7AB461DB}.Debug|Any CPU.ActiveCfg = Debug|Any CPU
		{B086F28B-D77E-4348-90E0-823A7AB461DB}.Debug|Any CPU.Build.0 = Debug|Any CPU
		{B086F28B-D77E-4348-90E0-823A7AB461DB}.Debug|Any CPU.Deploy.0 = Debug|Any CPU
		{B086F28B-D77E-4348-90E0-823A7AB461DB}.Debug|iPhone.ActiveCfg = Debug|Any CPU
		{B086F28B-D77E-4348-90E0-823A7AB461DB}.Debug|iPhone.Build.0 = Debug|Any CPU
		{B086F28B-D77E-4348-90E0-823A7AB461DB}.Debug|iPhone.Deploy.0 = Debug|Any CPU
		{B086F28B-D77E-4348-90E0-823A7AB461DB}.Debug|iPhoneSimulator.ActiveCfg = Debug|Any CPU
		{B086F28B-D77E-4348-90E0-823A7AB461DB}.Debug|iPhoneSimulator.Build.0 = Debug|Any CPU
		{B086F28B-D77E-4348-90E0-823A7AB461DB}.Debug|iPhoneSimulator.Deploy.0 = Debug|Any CPU
		{B086F28B-D77E-4348-90E0-823A7AB461DB}.Release|Any CPU.ActiveCfg = Release|Any CPU
		{B086F28B-D77E-4348-90E0-823A7AB461DB}.Release|Any CPU.Build.0 = Release|Any CPU
		{B086F28B-D77E-4348-90E0-823A7AB461DB}.Release|Any CPU.Deploy.0 = Release|Any CPU
		{B086F28B-D77E-4348-90E0-823A7AB461DB}.Release|iPhone.ActiveCfg = Release|Any CPU
		{B086F28B-D77E-4348-90E0-823A7AB461DB}.Release|iPhone.Build.0 = Release|Any CPU
		{B086F28B-D77E-4348-90E0-823A7AB461DB}.Release|iPhone.Deploy.0 = Release|Any CPU
		{B086F28B-D77E-4348-90E0-823A7AB461DB}.Release|iPhoneSimulator.ActiveCfg = Release|Any CPU
		{B086F28B-D77E-4348-90E0-823A7AB461DB}.Release|iPhoneSimulator.Build.0 = Release|Any CPU
		{B086F28B-D77E-4348-90E0-823A7AB461DB}.Release|iPhoneSimulator.Deploy.0 = Release|Any CPU
		{83B9EA6D-748F-424E-AF69-D9220901C360}.Debug|Any CPU.ActiveCfg = Debug|iPhone
		{83B9EA6D-748F-424E-AF69-D9220901C360}.Debug|Any CPU.Build.0 = Debug|iPhone
		{83B9EA6D-748F-424E-AF69-D9220901C360}.Debug|Any CPU.Deploy.0 = Debug|iPhone
		{83B9EA6D-748F-424E-AF69-D9220901C360}.Debug|iPhone.ActiveCfg = Debug|iPhone
		{83B9EA6D-748F-424E-AF69-D9220901C360}.Debug|iPhone.Build.0 = Debug|iPhone
		{83B9EA6D-748F-424E-AF69-D9220901C360}.Debug|iPhone.Deploy.0 = Debug|iPhone
		{83B9EA6D-748F-424E-AF69-D9220901C360}.Debug|iPhoneSimulator.ActiveCfg = Debug|iPhoneSimulator
		{83B9EA6D-748F-424E-AF69-D9220901C360}.Debug|iPhoneSimulator.Build.0 = Debug|iPhoneSimulator
		{83B9EA6D-748F-424E-AF69-D9220901C360}.Debug|iPhoneSimulator.Deploy.0 = Debug|iPhoneSimulator
		{83B9EA6D-748F-424E-AF69-D9220901C360}.Release|Any CPU.ActiveCfg = Release|iPhoneSimulator
		{83B9EA6D-748F-424E-AF69-D9220901C360}.Release|Any CPU.Build.0 = Release|iPhoneSimulator
		{83B9EA6D-748F-424E-AF69-D9220901C360}.Release|Any CPU.Deploy.0 = Release|iPhoneSimulator
		{83B9EA6D-748F-424E-AF69-D9220901C360}.Release|iPhone.ActiveCfg = Release|iPhone
		{83B9EA6D-748F-424E-AF69-D9220901C360}.Release|iPhone.Build.0 = Release|iPhone
		{83B9EA6D-748F-424E-AF69-D9220901C360}.Release|iPhone.Deploy.0 = Release|iPhone
		{83B9EA6D-748F-424E-AF69-D9220901C360}.Release|iPhoneSimulator.ActiveCfg = Release|iPhoneSimulator
		{83B9EA6D-748F-424E-AF69-D9220901C360}.Release|iPhoneSimulator.Build.0 = Release|iPhoneSimulator
		{83B9EA6D-748F-424E-AF69-D9220901C360}.Release|iPhoneSimulator.Deploy.0 = Release|iPhoneSimulator
		{68B19D8D-017C-477B-856B-3923CBA28769}.Debug|Any CPU.ActiveCfg = Debug|Any CPU
		{68B19D8D-017C-477B-856B-3923CBA28769}.Debug|Any CPU.Build.0 = Debug|Any CPU
		{68B19D8D-017C-477B-856B-3923CBA28769}.Debug|Any CPU.Deploy.0 = Debug|Any CPU
		{68B19D8D-017C-477B-856B-3923CBA28769}.Debug|iPhone.ActiveCfg = Debug|Any CPU
		{68B19D8D-017C-477B-856B-3923CBA28769}.Debug|iPhone.Build.0 = Debug|Any CPU
		{68B19D8D-017C-477B-856B-3923CBA28769}.Debug|iPhone.Deploy.0 = Debug|Any CPU
		{68B19D8D-017C-477B-856B-3923CBA28769}.Debug|iPhoneSimulator.ActiveCfg = Debug|Any CPU
		{68B19D8D-017C-477B-856B-3923CBA28769}.Debug|iPhoneSimulator.Build.0 = Debug|Any CPU
		{68B19D8D-017C-477B-856B-3923CBA28769}.Debug|iPhoneSimulator.Deploy.0 = Debug|Any CPU
		{68B19D8D-017C-477B-856B-3923CBA28769}.Release|Any CPU.ActiveCfg = Release|Any CPU
		{68B19D8D-017C-477B-856B-3923CBA28769}.Release|Any CPU.Build.0 = Release|Any CPU
		{68B19D8D-017C-477B-856B-3923CBA28769}.Release|Any CPU.Deploy.0 = Release|Any CPU
		{68B19D8D-017C-477B-856B-3923CBA28769}.Release|iPhone.ActiveCfg = Release|Any CPU
		{68B19D8D-017C-477B-856B-3923CBA28769}.Release|iPhone.Build.0 = Release|Any CPU
		{68B19D8D-017C-477B-856B-3923CBA28769}.Release|iPhone.Deploy.0 = Release|Any CPU
		{68B19D8D-017C-477B-856B-3923CBA28769}.Release|iPhoneSimulator.ActiveCfg = Release|Any CPU
		{68B19D8D-017C-477B-856B-3923CBA28769}.Release|iPhoneSimulator.Build.0 = Release|Any CPU
		{68B19D8D-017C-477B-856B-3923CBA28769}.Release|iPhoneSimulator.Deploy.0 = Release|Any CPU
	EndGlobalSection
	GlobalSection(SolutionProperties) = preSolution
		HideSolutionNode = FALSE
	EndGlobalSection
	GlobalSection(ExtensibilityGlobals) = postSolution
		SolutionGuid = {69FB5B3E-7AEE-42B6-9E20-53625D11118E}
	EndGlobalSection
EndGlobal
